
Microsoft Visual Studio Solution File, Format Version 12.00
# Visual Studio Version 16
VisualStudioVersion = 16.0.29503.13
MinimumVisualStudioVersion = 10.0.40219.1
Project("{F184B08F-C81C-45F6-A57F-5ABD9991F28F}") = "MikuWeather", "MikuWeather.vbproj", "{3CD1D1AD-E111-4838-BC59-8F795501A199}"
EndProject
Project("{2150E333-8FDC-42A3-9474-1A3956D46DE8}") = "Solution Items", "Solution Items", "{37D2D66C-778C-4517-9CAB-97E7A28DCFF9}"
EndProject
Global
	GlobalSection(SolutionConfigurationPlatforms) = preSolution
		Debug|Any CPU = Debug|Any CPU
		Release|Any CPU = Release|Any CPU
	EndGlobalSection
	GlobalSection(ProjectConfigurationPlatforms) = postSolution
		{3CD1D1AD-E111-4838-BC59-8F795501A199}.Debug|Any CPU.ActiveCfg = Debug|Any CPU
		{3CD1D1AD-E111-4838-BC59-8F795501A199}.Debug|Any CPU.Build.0 = Debug|Any CPU
		{3CD1D1AD-E111-4838-BC59-8F795501A199}.Debug|Any CPU.Deploy.0 = Debug|Any CPU
		{3CD1D1AD-E111-4838-BC59-8F795501A199}.Release|Any CPU.ActiveCfg = Release|Any CPU
		{3CD1D1AD-E111-4838-BC59-8F795501A199}.Release|Any CPU.Build.0 = Release|Any CPU
	EndGlobalSection
	GlobalSection(SolutionProperties) = preSolution
		HideSolutionNode = FALSE
	EndGlobalSection
	GlobalSection(ExtensibilityGlobals) = postSolution
		SolutionGuid = {01704A38-8F60-46D1-9A0E-4DB491031AB1}
	EndGlobalSection
EndGlobal
